
Microsoft Visual Studio Solution File, Format Version 12.00
Project("{FAE04EC0-301F-11D3-BF4B-00C04F79EFBC}") = "Calculator", "Calculator\Calculator.csproj", "{54D3DB60-0AA9-4ABB-84EC-E1824EA73900}"
EndProject
Project("{FAE04EC0-301F-11D3-BF4B-00C04F79EFBC}") = "FCC", "FCC\FCC.csproj", "{59F9AA1D-E6E0-43E2-AD4C-CABAD1372D24}"
EndProject
Global
	GlobalSection(SolutionConfigurationPlatforms) = preSolution
		Debug|Any CPU = Debug|Any CPU
		Release|Any CPU = Release|Any CPU
	EndGlobalSection
	GlobalSection(ProjectConfigurationPlatforms) = postSolution
		{54D3DB60-0AA9-4ABB-84EC-E1824EA73900}.Debug|Any CPU.ActiveCfg = Debug|Any CPU
		{54D3DB60-0AA9-4ABB-84EC-E1824EA73900}.Debug|Any CPU.Build.0 = Debug|Any CPU
		{54D3DB60-0AA9-4ABB-84EC-E1824EA73900}.Release|Any CPU.ActiveCfg = Release|Any CPU
		{54D3DB60-0AA9-4ABB-84EC-E1824EA73900}.Release|Any CPU.Build.0 = Release|Any CPU
		{59F9AA1D-E6E0-43E2-AD4C-CABAD1372D24}.Debug|Any CPU.ActiveCfg = Debug|Any CPU
		{59F9AA1D-E6E0-43E2-AD4C-CABAD1372D24}.Debug|Any CPU.Build.0 = Debug|Any CPU
		{59F9AA1D-E6E0-43E2-AD4C-CABAD1372D24}.Release|Any CPU.ActiveCfg = Release|Any CPU
		{59F9AA1D-E6E0-43E2-AD4C-CABAD1372D24}.Release|Any CPU.Build.0 = Release|Any CPU
	EndGlobalSection
EndGlobal
